
Microsoft Visual Studio Solution File, Format Version 12.00
# Visual Studio Version 17
VisualStudioVersion = 17.11.35312.102
MinimumVisualStudioVersion = 10.0.40219.1
Project("{FAE04EC0-301F-11D3-BF4B-00C04F79EFBC}") = "Checkpoint_2", "Checkpoint_2.csproj", "{CE33CD70-7686-4A0F-A8D7-4553C4626B68}"
EndProject
Global
	GlobalSection(SolutionConfigurationPlatforms) = preSolution
		Debug|Any CPU = Debug|Any CPU
		Release|Any CPU = Release|Any CPU
	EndGlobalSection
	GlobalSection(ProjectConfigurationPlatforms) = postSolution
		{CE33CD70-7686-4A0F-A8D7-4553C4626B68}.Debug|Any CPU.ActiveCfg = Debug|Any CPU
		{CE33CD70-7686-4A0F-A8D7-4553C4626B68}.Debug|Any CPU.Build.0 = Debug|Any CPU
		{CE33CD70-7686-4A0F-A8D7-4553C4626B68}.Release|Any CPU.ActiveCfg = Release|Any CPU
		{CE33CD70-7686-4A0F-A8D7-4553C4626B68}.Release|Any CPU.Build.0 = Release|Any CPU
	EndGlobalSection
	GlobalSection(SolutionProperties) = preSolution
		HideSolutionNode = FALSE
	EndGlobalSection
	GlobalSection(ExtensibilityGlobals) = postSolution
		SolutionGuid = {618DB49B-FA58-4C8A-931E-DF7445EBADE3}
	EndGlobalSection
EndGlobal
